
Microsoft Visual Studio Solution File, Format Version 12.00
# Visual Studio Version 16
VisualStudioVersion = 16.0.30523.141
MinimumVisualStudioVersion = 10.0.40219.1
Project("{FAE04EC0-301F-11D3-BF4B-00C04F79EFBC}") = "ConsolePracticeEntityFrameworkCore", "ConsolePracticeEntityFrameworkCore\ConsolePracticeEntityFrameworkCore.csproj", "{500776A1-33E4-44BA-92AC-DF7F5E9186C0}"
EndProject
Global
	GlobalSection(SolutionConfigurationPlatforms) = preSolution
		Debug|Any CPU = Debug|Any CPU
		Release|Any CPU = Release|Any CPU
	EndGlobalSection
	GlobalSection(ProjectConfigurationPlatforms) = postSolution
		{500776A1-33E4-44BA-92AC-DF7F5E9186C0}.Debug|Any CPU.ActiveCfg = Debug|Any CPU
		{500776A1-33E4-44BA-92AC-DF7F5E9186C0}.Debug|Any CPU.Build.0 = Debug|Any CPU
		{500776A1-33E4-44BA-92AC-DF7F5E9186C0}.Release|Any CPU.ActiveCfg = Release|Any CPU
		{500776A1-33E4-44BA-92AC-DF7F5E9186C0}.Release|Any CPU.Build.0 = Release|Any CPU
	EndGlobalSection
	GlobalSection(SolutionProperties) = preSolution
		HideSolutionNode = FALSE
	EndGlobalSection
	GlobalSection(ExtensibilityGlobals) = postSolution
		SolutionGuid = {4AE7AE63-56E3-4F88-B814-27A3B3F19803}
	EndGlobalSection
EndGlobal
